
Microsoft Visual Studio Solution File, Format Version 12.00
# Visual Studio Version 17
VisualStudioVersion = 17.6.33801.468
MinimumVisualStudioVersion = 10.0.40219.1
Project("{FAE04EC0-301F-11D3-BF4B-00C04F79EFBC}") = "Car_Rental_backend", "Car_Rental_backend\Car_Rental_backend.csproj", "{B5E944B0-4849-436E-BF6C-C897B01C1377}"
EndProject
Project("{FAE04EC0-301F-11D3-BF4B-00C04F79EFBC}") = "Car.DL", "Car.DL\Car.DL.csproj", "{630A9173-C2FC-4FE4-8D28-F04087CFA9F5}"
EndProject
Project("{FAE04EC0-301F-11D3-BF4B-00C04F79EFBC}") = "Car.IBL", "Car.IBL\Car.IBL.csproj", "{CC94F55E-5AB1-46E4-A3A5-166112328B5B}"
EndProject
Project("{FAE04EC0-301F-11D3-BF4B-00C04F79EFBC}") = "Car.BLL", "Car.BLL\Car.BLL.csproj", "{EDA6CD7A-7AA2-45BE-83A0-E7DAD0D8FB0C}"
EndProject
Project("{FAE04EC0-301F-11D3-BF4B-00C04F79EFBC}") = "Car.Model", "Car.Model\Car.Model.csproj", "{D023A6A4-6D8D-412F-BC6B-E2DFE736B08C}"
EndProject
Global
	GlobalSection(SolutionConfigurationPlatforms) = preSolution
		Debug|Any CPU = Debug|Any CPU
		Release|Any CPU = Release|Any CPU
	EndGlobalSection
	GlobalSection(ProjectConfigurationPlatforms) = postSolution
		{B5E944B0-4849-436E-BF6C-C897B01C1377}.Debug|Any CPU.ActiveCfg = Debug|Any CPU
		{B5E944B0-4849-436E-BF6C-C897B01C1377}.Debug|Any CPU.Build.0 = Debug|Any CPU
		{B5E944B0-4849-436E-BF6C-C897B01C1377}.Release|Any CPU.ActiveCfg = Release|Any CPU
		{B5E944B0-4849-436E-BF6C-C897B01C1377}.Release|Any CPU.Build.0 = Release|Any CPU
		{630A9173-C2FC-4FE4-8D28-F04087CFA9F5}.Debug|Any CPU.ActiveCfg = Debug|Any CPU
		{630A9173-C2FC-4FE4-8D28-F04087CFA9F5}.Debug|Any CPU.Build.0 = Debug|Any CPU
		{630A9173-C2FC-4FE4-8D28-F04087CFA9F5}.Release|Any CPU.ActiveCfg = Release|Any CPU
		{630A9173-C2FC-4FE4-8D28-F04087CFA9F5}.Release|Any CPU.Build.0 = Release|Any CPU
		{CC94F55E-5AB1-46E4-A3A5-166112328B5B}.Debug|Any CPU.ActiveCfg = Debug|Any CPU
		{CC94F55E-5AB1-46E4-A3A5-166112328B5B}.Debug|Any CPU.Build.0 = Debug|Any CPU
		{CC94F55E-5AB1-46E4-A3A5-166112328B5B}.Release|Any CPU.ActiveCfg = Release|Any CPU
		{CC94F55E-5AB1-46E4-A3A5-166112328B5B}.Release|Any CPU.Build.0 = Release|Any CPU
		{EDA6CD7A-7AA2-45BE-83A0-E7DAD0D8FB0C}.Debug|Any CPU.ActiveCfg = Debug|Any CPU
		{EDA6CD7A-7AA2-45BE-83A0-E7DAD0D8FB0C}.Debug|Any CPU.Build.0 = Debug|Any CPU
		{EDA6CD7A-7AA2-45BE-83A0-E7DAD0D8FB0C}.Release|Any CPU.ActiveCfg = Release|Any CPU
		{EDA6CD7A-7AA2-45BE-83A0-E7DAD0D8FB0C}.Release|Any CPU.Build.0 = Release|Any CPU
		{D023A6A4-6D8D-412F-BC6B-E2DFE736B08C}.Debug|Any CPU.ActiveCfg = Debug|Any CPU
		{D023A6A4-6D8D-412F-BC6B-E2DFE736B08C}.Debug|Any CPU.Build.0 = Debug|Any CPU
		{D023A6A4-6D8D-412F-BC6B-E2DFE736B08C}.Release|Any CPU.ActiveCfg = Release|Any CPU
		{D023A6A4-6D8D-412F-BC6B-E2DFE736B08C}.Release|Any CPU.Build.0 = Release|Any CPU
	EndGlobalSection
	GlobalSection(SolutionProperties) = preSolution
		HideSolutionNode = FALSE
	EndGlobalSection
	GlobalSection(ExtensibilityGlobals) = postSolution
		SolutionGuid = {1FAE8F27-B5DC-4271-97C0-1385B9DF2C78}
	EndGlobalSection
EndGlobal
